
Microsoft Visual Studio Solution File, Format Version 12.00
# Visual Studio Version 17
VisualStudioVersion = 17.6.33829.357
MinimumVisualStudioVersion = 10.0.40219.1
Project("{FAE04EC0-301F-11D3-BF4B-00C04F79EFBC}") = "NLogStructuredLogging", "NLogStructuredLogging.csproj", "{BAD3F04C-A3BA-4A5A-BBF1-0A9F8B976298}"
EndProject
Global
	GlobalSection(SolutionConfigurationPlatforms) = preSolution
		Debug|Any CPU = Debug|Any CPU
		Release|Any CPU = Release|Any CPU
	EndGlobalSection
	GlobalSection(ProjectConfigurationPlatforms) = postSolution
		{BAD3F04C-A3BA-4A5A-BBF1-0A9F8B976298}.Debug|Any CPU.ActiveCfg = Debug|Any CPU
		{BAD3F04C-A3BA-4A5A-BBF1-0A9F8B976298}.Debug|Any CPU.Build.0 = Debug|Any CPU
		{BAD3F04C-A3BA-4A5A-BBF1-0A9F8B976298}.Release|Any CPU.ActiveCfg = Release|Any CPU
		{BAD3F04C-A3BA-4A5A-BBF1-0A9F8B976298}.Release|Any CPU.Build.0 = Release|Any CPU
	EndGlobalSection
	GlobalSection(SolutionProperties) = preSolution
		HideSolutionNode = FALSE
	EndGlobalSection
	GlobalSection(ExtensibilityGlobals) = postSolution
		SolutionGuid = {ED55E2A1-2C47-4A7D-B5D3-65E69E19B4FF}
	EndGlobalSection
EndGlobal
